
Microsoft Visual Studio Solution File, Format Version 12.00
# Visual Studio Version 17
VisualStudioVersion = 17.0.31903.59
MinimumVisualStudioVersion = 10.0.40219.1
Project("{FAE04EC0-301F-11D3-BF4B-00C04F79EFBC}") = "Text", "Text\Text.csproj", "{230467B8-6305-40DC-93A7-BE42EA24B1CE}"
EndProject
Project("{FAE04EC0-301F-11D3-BF4B-00C04F79EFBC}") = "Text.Tests", "Text.Tests\Text.Tests.csproj", "{831185FB-ED95-4420-A72F-48BA75925B61}"
EndProject
Global
	GlobalSection(SolutionConfigurationPlatforms) = preSolution
		Debug|Any CPU = Debug|Any CPU
		Release|Any CPU = Release|Any CPU
	EndGlobalSection
	GlobalSection(SolutionProperties) = preSolution
		HideSolutionNode = FALSE
	EndGlobalSection
	GlobalSection(ProjectConfigurationPlatforms) = postSolution
		{230467B8-6305-40DC-93A7-BE42EA24B1CE}.Debug|Any CPU.ActiveCfg = Debug|Any CPU
		{230467B8-6305-40DC-93A7-BE42EA24B1CE}.Debug|Any CPU.Build.0 = Debug|Any CPU
		{230467B8-6305-40DC-93A7-BE42EA24B1CE}.Release|Any CPU.ActiveCfg = Release|Any CPU
		{230467B8-6305-40DC-93A7-BE42EA24B1CE}.Release|Any CPU.Build.0 = Release|Any CPU
		{831185FB-ED95-4420-A72F-48BA75925B61}.Debug|Any CPU.ActiveCfg = Debug|Any CPU
		{831185FB-ED95-4420-A72F-48BA75925B61}.Debug|Any CPU.Build.0 = Debug|Any CPU
		{831185FB-ED95-4420-A72F-48BA75925B61}.Release|Any CPU.ActiveCfg = Release|Any CPU
		{831185FB-ED95-4420-A72F-48BA75925B61}.Release|Any CPU.Build.0 = Release|Any CPU
	EndGlobalSection
EndGlobal
